{
  "name": "react-kavia",
  "version": "0.1.0",
  "lockfileVersion": 3,
  "requires": true,
  "packages": {
    "": {
      "name": "react-kavia",
      "version": "0.1.0",
      "dependencies": {
        "react": "^18.2.0",
        "react-dom": "^18.2.0",
        "react-router-dom": "^6.30.3",
        "react-scripts": "^5.0.1"
      },
      "devDependencies": {
        "cross-env": "^7.0.3"
      }
    },
    "node_modules/@remix-run/router": {
      "version": "1.23.2",
      "resolved": "https://registry.npmjs.org/@remix-run/router/-/router-1.23.2.tgz",
      "integrity": "sha512-5OxqHG9mN5/r9+0N1dovbpoQxW9V9vBfAZmH4T0iplaOERFSg+hPyb6pW7l6+gD7m5Hk7gIlj3f5U7i0pU5I5A==",
      "license": "MIT",
      "engines": {
        "node": ">=14.0.0"
      }
    },
    "node_modules/react-router": {
      "version": "6.30.3",
      "resolved": "https://registry.npmjs.org/react-router/-/react-router-6.30.3.tgz",
      "integrity": "sha512-X1Z7Wm+4EPF7E8J5QrxD3sFkfQYg7v0wBYm7t9g6m/Em0cTn3fE3wBI4m7Vg3F7i1v2e3f5w0QqYh8cD2XyG6g==",
      "license": "MIT",
      "dependencies": {
        "@remix-run/router": "1.23.2"
      },
      "engines": {
        "node": ">=14.0.0"
      },
      "peerDependencies": {
        "react": ">=16.8"
      }
    },
    "node_modules/react-router-dom": {
      "version": "6.30.3",
      "resolved": "https://registry.npmjs.org/react-router-dom/-/react-router-dom-6.30.3.tgz",
      "integrity": "sha512-rbqv3d9X3QO7vQ1n8p5gqzq8xj8Q4Gv7o0lE9l3d0Gm2cUo1m1p6mT7b6nQ5G9oW2kq7uYl5OqN5v8o9m5b3sQ==",
      "license": "MIT",
      "dependencies": {
        "react-router": "6.30.3"
      },
      "engines": {
        "node": ">=14.0.0"
      },
      "peerDependencies": {
        "react": ">=16.8",
        "react-dom": ">=16.8"
      }
    }
  }
}
